
Microsoft Visual Studio Solution File, Format Version 12.00
# Visual Studio Version 16
VisualStudioVersion = 16.0.29613.14
MinimumVisualStudioVersion = 10.0.40219.1
Project("{9A19103F-16F7-4668-BE54-9A1E7A4F7556}") = "Zoey.Quartz.Server", "src\Zoey.Quartz.Server\Zoey.Quartz.Server.csproj", "{9568DF1F-3DBD-4C83-9362-2859259E5E46}"
EndProject
Project("{9A19103F-16F7-4668-BE54-9A1E7A4F7556}") = "Zoey.Quartz.Job", "src\Zoey.Quartz.Job\Zoey.Quartz.Job.csproj", "{4662D2B4-C649-465B-8819-B861392193FB}"
EndProject
Project("{9A19103F-16F7-4668-BE54-9A1E7A4F7556}") = "Zoey.Quartz", "src\Zoey.Quartz\Zoey.Quartz.csproj", "{74984629-2B9E-49FD-849F-82088D299CCA}"
EndProject
Project("{FAE04EC0-301F-11D3-BF4B-00C04F79EFBC}") = "Zoey.Quartz.Client", "src\Zoey.Quartz.Client\Zoey.Quartz.Client.csproj", "{D36A693D-9991-4D79-BD75-AF60FD383F84}"
EndProject
Global
	GlobalSection(SolutionConfigurationPlatforms) = preSolution
		Debug|Any CPU = Debug|Any CPU
		Release|Any CPU = Release|Any CPU
	EndGlobalSection
	GlobalSection(ProjectConfigurationPlatforms) = postSolution
		{9568DF1F-3DBD-4C83-9362-2859259E5E46}.Debug|Any CPU.ActiveCfg = Debug|Any CPU
		{9568DF1F-3DBD-4C83-9362-2859259E5E46}.Debug|Any CPU.Build.0 = Debug|Any CPU
		{9568DF1F-3DBD-4C83-9362-2859259E5E46}.Release|Any CPU.ActiveCfg = Release|Any CPU
		{9568DF1F-3DBD-4C83-9362-2859259E5E46}.Release|Any CPU.Build.0 = Release|Any CPU
		{4662D2B4-C649-465B-8819-B861392193FB}.Debug|Any CPU.ActiveCfg = Debug|Any CPU
		{4662D2B4-C649-465B-8819-B861392193FB}.Debug|Any CPU.Build.0 = Debug|Any CPU
		{4662D2B4-C649-465B-8819-B861392193FB}.Release|Any CPU.ActiveCfg = Release|Any CPU
		{4662D2B4-C649-465B-8819-B861392193FB}.Release|Any CPU.Build.0 = Release|Any CPU
		{74984629-2B9E-49FD-849F-82088D299CCA}.Debug|Any CPU.ActiveCfg = Debug|Any CPU
		{74984629-2B9E-49FD-849F-82088D299CCA}.Debug|Any CPU.Build.0 = Debug|Any CPU
		{74984629-2B9E-49FD-849F-82088D299CCA}.Release|Any CPU.ActiveCfg = Release|Any CPU
		{74984629-2B9E-49FD-849F-82088D299CCA}.Release|Any CPU.Build.0 = Release|Any CPU
		{D36A693D-9991-4D79-BD75-AF60FD383F84}.Debug|Any CPU.ActiveCfg = Debug|Any CPU
		{D36A693D-9991-4D79-BD75-AF60FD383F84}.Debug|Any CPU.Build.0 = Debug|Any CPU
		{D36A693D-9991-4D79-BD75-AF60FD383F84}.Release|Any CPU.ActiveCfg = Release|Any CPU
		{D36A693D-9991-4D79-BD75-AF60FD383F84}.Release|Any CPU.Build.0 = Release|Any CPU
	EndGlobalSection
	GlobalSection(SolutionProperties) = preSolution
		HideSolutionNode = FALSE
	EndGlobalSection
	GlobalSection(ExtensibilityGlobals) = postSolution
		SolutionGuid = {A034D73E-491E-42D2-9C46-F2ADE96F64E3}
	EndGlobalSection
EndGlobal
